
Microsoft Visual Studio Solution File, Format Version 12.00
# Visual Studio Version 17
VisualStudioVersion = 17.12.35707.178
MinimumVisualStudioVersion = 10.0.40219.1
Project("{9A19103F-16F7-4668-BE54-9A1E7A4F7556}") = "WebShopLibrary", "WebShopLibrary\WebShopLibrary.csproj", "{726B632E-A54D-45B7-AFD1-CA7B463805A6}"
EndProject
Global
	GlobalSection(SolutionConfigurationPlatforms) = preSolution
		Debug|Any CPU = Debug|Any CPU
		Release|Any CPU = Release|Any CPU
	EndGlobalSection
	GlobalSection(ProjectConfigurationPlatforms) = postSolution
		{726B632E-A54D-45B7-AFD1-CA7B463805A6}.Debug|Any CPU.ActiveCfg = Debug|Any CPU
		{726B632E-A54D-45B7-AFD1-CA7B463805A6}.Debug|Any CPU.Build.0 = Debug|Any CPU
		{726B632E-A54D-45B7-AFD1-CA7B463805A6}.Release|Any CPU.ActiveCfg = Release|Any CPU
		{726B632E-A54D-45B7-AFD1-CA7B463805A6}.Release|Any CPU.Build.0 = Release|Any CPU
	EndGlobalSection
	GlobalSection(SolutionProperties) = preSolution
		HideSolutionNode = FALSE
	EndGlobalSection
	GlobalSection(ExtensibilityGlobals) = postSolution
		SolutionGuid = {E5A2F0D3-9FB3-42CE-91AB-460E0F885260}
	EndGlobalSection
EndGlobal
